
Microsoft Visual Studio Solution File, Format Version 12.00
# Visual Studio 15
VisualStudioVersion = 15.0.28307.539
MinimumVisualStudioVersion = 10.0.40219.1
Project("{9A19103F-16F7-4668-BE54-9A1E7A4F7556}") = "ApplicationCore", "ApplicationCore\ApplicationCore.csproj", "{040E8F48-34D3-4C80-91A9-00D512F5ED9F}"
EndProject
Project("{9A19103F-16F7-4668-BE54-9A1E7A4F7556}") = "Infrastructure", "Infrastructure\Infrastructure.csproj", "{FCC87C3E-8179-4DA5-ACDD-3482A663DD3C}"
EndProject
Project("{9A19103F-16F7-4668-BE54-9A1E7A4F7556}") = "Web", "Web\Web.csproj", "{971B6E22-1412-41FE-B189-ACAD0E3388EA}"
EndProject
Project("{2150E333-8FDC-42A3-9474-1A3956D46DE8}") = "src", "src", "{674031C1-4B40-49E3-9C64-950D42179E93}"
EndProject
Global
	GlobalSection(SolutionConfigurationPlatforms) = preSolution
		Debug|Any CPU = Debug|Any CPU
		Release|Any CPU = Release|Any CPU
	EndGlobalSection
	GlobalSection(ProjectConfigurationPlatforms) = postSolution
		{040E8F48-34D3-4C80-91A9-00D512F5ED9F}.Debug|Any CPU.ActiveCfg = Debug|Any CPU
		{040E8F48-34D3-4C80-91A9-00D512F5ED9F}.Debug|Any CPU.Build.0 = Debug|Any CPU
		{040E8F48-34D3-4C80-91A9-00D512F5ED9F}.Release|Any CPU.ActiveCfg = Release|Any CPU
		{040E8F48-34D3-4C80-91A9-00D512F5ED9F}.Release|Any CPU.Build.0 = Release|Any CPU
		{FCC87C3E-8179-4DA5-ACDD-3482A663DD3C}.Debug|Any CPU.ActiveCfg = Debug|Any CPU
		{FCC87C3E-8179-4DA5-ACDD-3482A663DD3C}.Debug|Any CPU.Build.0 = Debug|Any CPU
		{FCC87C3E-8179-4DA5-ACDD-3482A663DD3C}.Release|Any CPU.ActiveCfg = Release|Any CPU
		{FCC87C3E-8179-4DA5-ACDD-3482A663DD3C}.Release|Any CPU.Build.0 = Release|Any CPU
		{971B6E22-1412-41FE-B189-ACAD0E3388EA}.Debug|Any CPU.ActiveCfg = Debug|Any CPU
		{971B6E22-1412-41FE-B189-ACAD0E3388EA}.Debug|Any CPU.Build.0 = Debug|Any CPU
		{971B6E22-1412-41FE-B189-ACAD0E3388EA}.Release|Any CPU.ActiveCfg = Release|Any CPU
		{971B6E22-1412-41FE-B189-ACAD0E3388EA}.Release|Any CPU.Build.0 = Release|Any CPU
	EndGlobalSection
	GlobalSection(SolutionProperties) = preSolution
		HideSolutionNode = FALSE
	EndGlobalSection
	GlobalSection(NestedProjects) = preSolution
		{040E8F48-34D3-4C80-91A9-00D512F5ED9F} = {674031C1-4B40-49E3-9C64-950D42179E93}
		{FCC87C3E-8179-4DA5-ACDD-3482A663DD3C} = {674031C1-4B40-49E3-9C64-950D42179E93}
		{971B6E22-1412-41FE-B189-ACAD0E3388EA} = {674031C1-4B40-49E3-9C64-950D42179E93}
	EndGlobalSection
	GlobalSection(ExtensibilityGlobals) = postSolution
		SolutionGuid = {53EACE3A-D202-4F67-89B2-46E6153DC970}
	EndGlobalSection
EndGlobal
